
Microsoft Visual Studio Solution File, Format Version 12.00
# Visual Studio Version 17
VisualStudioVersion = 17.5.33627.172
MinimumVisualStudioVersion = 10.0.40219.1
Project("{FAE04EC0-301F-11D3-BF4B-00C04F79EFBC}") = "topraktanVeriÇekmek", "topraktanVeriÇekmek\topraktanVeriÇekmek.csproj", "{DF9ABE24-E5BD-421D-8EC6-29073FAF2845}"
EndProject
Global
	GlobalSection(SolutionConfigurationPlatforms) = preSolution
		Debug|Any CPU = Debug|Any CPU
		Release|Any CPU = Release|Any CPU
	EndGlobalSection
	GlobalSection(ProjectConfigurationPlatforms) = postSolution
		{DF9ABE24-E5BD-421D-8EC6-29073FAF2845}.Debug|Any CPU.ActiveCfg = Debug|Any CPU
		{DF9ABE24-E5BD-421D-8EC6-29073FAF2845}.Debug|Any CPU.Build.0 = Debug|Any CPU
		{DF9ABE24-E5BD-421D-8EC6-29073FAF2845}.Release|Any CPU.ActiveCfg = Release|Any CPU
		{DF9ABE24-E5BD-421D-8EC6-29073FAF2845}.Release|Any CPU.Build.0 = Release|Any CPU
	EndGlobalSection
	GlobalSection(SolutionProperties) = preSolution
		HideSolutionNode = FALSE
	EndGlobalSection
	GlobalSection(ExtensibilityGlobals) = postSolution
		SolutionGuid = {12258B65-1D6F-433D-9E3D-6BBE8BF893B7}
	EndGlobalSection
EndGlobal
